
Microsoft Visual Studio Solution File, Format Version 12.00
# Visual Studio Version 17
VisualStudioVersion = 17.0.32014.148
MinimumVisualStudioVersion = 10.0.40219.1
Project("{FAE04EC0-301F-11D3-BF4B-00C04F79EFBC}") = "CRUDFireBase.Android", "CRUDFireBase.Android\CRUDFireBase.Android.csproj", "{7F9541C2-81B5-4D84-8D75-677EF3802438}"
EndProject
Project("{FAE04EC0-301F-11D3-BF4B-00C04F79EFBC}") = "CRUDFireBase", "CRUDFireBase\CRUDFireBase.csproj", "{D823C186-E0B9-49AC-B5BC-448471809E65}"
EndProject
Global
	GlobalSection(SolutionConfigurationPlatforms) = preSolution
		Debug|Any CPU = Debug|Any CPU
		Release|Any CPU = Release|Any CPU
	EndGlobalSection
	GlobalSection(ProjectConfigurationPlatforms) = postSolution
		{7F9541C2-81B5-4D84-8D75-677EF3802438}.Debug|Any CPU.ActiveCfg = Debug|Any CPU
		{7F9541C2-81B5-4D84-8D75-677EF3802438}.Debug|Any CPU.Build.0 = Debug|Any CPU
		{7F9541C2-81B5-4D84-8D75-677EF3802438}.Debug|Any CPU.Deploy.0 = Debug|Any CPU
		{7F9541C2-81B5-4D84-8D75-677EF3802438}.Release|Any CPU.ActiveCfg = Release|Any CPU
		{7F9541C2-81B5-4D84-8D75-677EF3802438}.Release|Any CPU.Build.0 = Release|Any CPU
		{7F9541C2-81B5-4D84-8D75-677EF3802438}.Release|Any CPU.Deploy.0 = Release|Any CPU
		{D823C186-E0B9-49AC-B5BC-448471809E65}.Debug|Any CPU.ActiveCfg = Debug|Any CPU
		{D823C186-E0B9-49AC-B5BC-448471809E65}.Debug|Any CPU.Build.0 = Debug|Any CPU
		{D823C186-E0B9-49AC-B5BC-448471809E65}.Debug|Any CPU.Deploy.0 = Debug|Any CPU
		{D823C186-E0B9-49AC-B5BC-448471809E65}.Release|Any CPU.ActiveCfg = Release|Any CPU
		{D823C186-E0B9-49AC-B5BC-448471809E65}.Release|Any CPU.Build.0 = Release|Any CPU
		{D823C186-E0B9-49AC-B5BC-448471809E65}.Release|Any CPU.Deploy.0 = Release|Any CPU
	EndGlobalSection
	GlobalSection(SolutionProperties) = preSolution
		HideSolutionNode = FALSE
	EndGlobalSection
	GlobalSection(ExtensibilityGlobals) = postSolution
		SolutionGuid = {2039F0E2-6105-4D96-9D4C-80608DD72ACB}
	EndGlobalSection
EndGlobal
